// !$*UTF8*$!
{
	archiveVersion = 1;
	classes = {
	};
	objectVersion = 51;
	objects = {

/* Begin PBXBuildFile section */
		8700DDC323041DE100A7082A /* NewCalendarViewController.swift in Sources */ = {isa = PBXBuildFile; fileRef = 8700DDC223041DE100A7082A /* NewCalendarViewController.swift */; };
		8700DDCB23042C7200A7082A /* SelectSourceController.swift in Sources */ = {isa = PBXBuildFile; fileRef = 8700DDCA23042C7200A7082A /* SelectSourceController.swift */; };
		8700DDCD2304382E00A7082A /* SimpleTableViewCell.swift in Sources */ = {isa = PBXBuildFile; fileRef = 8700DDCC2304382E00A7082A /* SimpleTableViewCell.swift */; };
		8706297B22D4AC120084441A /* AppDelegate.swift in Sources */ = {isa = PBXBuildFile; fileRef = 8706297A22D4AC120084441A /* AppDelegate.swift */; };
		8706297D22D4AC120084441A /* CalendarListViewController.swift in Sources */ = {isa = PBXBuildFile; fileRef = 8706297C22D4AC120084441A /* CalendarListViewController.swift */; };
		8706297F22D4AC120084441A /* ReminderListViewController.swift in Sources */ = {isa = PBXBuildFile; fileRef = 8706297E22D4AC120084441A /* ReminderListViewController.swift */; };
		8706298222D4AC120084441A /* Main.storyboard in Resources */ = {isa = PBXBuildFile; fileRef = 8706298022D4AC120084441A /* Main.storyboard */; };
		8706298422D4AC140084441A /* Assets.xcassets in Resources */ = {isa = PBXBuildFile; fileRef = 8706298322D4AC140084441A /* Assets.xcassets */; };
		8706298722D4AC140084441A /* LaunchScreen.storyboard in Resources */ = {isa = PBXBuildFile; fileRef = 8706298522D4AC140084441A /* LaunchScreen.storyboard */; };
		8706298F22D4AD1D0084441A /* Calendar.swift in Sources */ = {isa = PBXBuildFile; fileRef = 8706298E22D4AD1D0084441A /* Calendar.swift */; };
		87094FF622DC42BD0047D672 /* Colors.swift in Sources */ = {isa = PBXBuildFile; fileRef = 87094FF522DC42BD0047D672 /* Colors.swift */; };
		87094FFC22DC52820047D672 /* PriorityViewCell.swift in Sources */ = {isa = PBXBuildFile; fileRef = 87094FFB22DC52820047D672 /* PriorityViewCell.swift */; };
		87191F7D22DDDD2B00E9DB4B /* ReminderViewCell.xib in Resources */ = {isa = PBXBuildFile; fileRef = 87191F7C22DDDD2B00E9DB4B /* ReminderViewCell.xib */; };
		871B3ABA22FAF16100EEB7B0 /* AgendaViewController.swift in Sources */ = {isa = PBXBuildFile; fileRef = 871B3AB922FAF16100EEB7B0 /* AgendaViewController.swift */; };
		871B3ABC22FB018100EEB7B0 /* SettingsViewController.swift in Sources */ = {isa = PBXBuildFile; fileRef = 871B3ABB22FB018100EEB7B0 /* SettingsViewController.swift */; };
		873AC79D22D8B5570059F70F /* ReminderViewCell.swift in Sources */ = {isa = PBXBuildFile; fileRef = 873AC79C22D8B5570059F70F /* ReminderViewCell.swift */; };
		8759217F22E4070A00D3A641 /* Date+Extensions.swift in Sources */ = {isa = PBXBuildFile; fileRef = 8759217E22E4070A00D3A641 /* Date+Extensions.swift */; };
		8759218422E42D6900D3A641 /* DateViewCell.swift in Sources */ = {isa = PBXBuildFile; fileRef = 8759218222E42D6900D3A641 /* DateViewCell.swift */; };
		8759218522E42D6900D3A641 /* DateViewCell.xib in Resources */ = {isa = PBXBuildFile; fileRef = 8759218322E42D6900D3A641 /* DateViewCell.xib */; };
		8759218722E43FBB00D3A641 /* ReminderActions.swift in Sources */ = {isa = PBXBuildFile; fileRef = 8759218622E43FBB00D3A641 /* ReminderActions.swift */; };
		8759218922E44DE900D3A641 /* EKReminder+Extensions.swift in Sources */ = {isa = PBXBuildFile; fileRef = 8759218822E44DE900D3A641 /* EKReminder+Extensions.swift */; };
		8759218B22E45AC600D3A641 /* DatePickerViewController.swift in Sources */ = {isa = PBXBuildFile; fileRef = 8759218A22E45AC600D3A641 /* DatePickerViewController.swift */; };
		8759218D22E4690400D3A641 /* DateComponent+Extensions.swift in Sources */ = {isa = PBXBuildFile; fileRef = 8759218C22E4690400D3A641 /* DateComponent+Extensions.swift */; };
		8759218F22E46EA000D3A641 /* Notification+Constants.swift in Sources */ = {isa = PBXBuildFile; fileRef = 8759218E22E46EA000D3A641 /* Notification+Constants.swift */; };
		8759219122E4885E00D3A641 /* FSCalendar+Extensions.swift in Sources */ = {isa = PBXBuildFile; fileRef = 8759219022E4885E00D3A641 /* FSCalendar+Extensions.swift */; };
		8759219422E4918600D3A641 /* Shortcuts.swift in Sources */ = {isa = PBXBuildFile; fileRef = 8759219322E4918600D3A641 /* Shortcuts.swift */; };
		8761EA9E22DC1D7800A8474A /* ReminderEditViewController.swift in Sources */ = {isa = PBXBuildFile; fileRef = 8761EA9D22DC1D7800A8474A /* ReminderEditViewController.swift */; };
		8761EAA022DC283900A8474A /* Storyboarded.swift in Sources */ = {isa = PBXBuildFile; fileRef = 8761EA9F22DC283900A8474A /* Storyboarded.swift */; };
		87876F3D22DF48B4002C49E1 /* GroupedReminders.swift in Sources */ = {isa = PBXBuildFile; fileRef = 87876F3C22DF48B4002C49E1 /* GroupedReminders.swift */; };
		879201A722DFCC2C001B2AF7 /* CalendarApi.swift in Sources */ = {isa = PBXBuildFile; fileRef = 879201A622DFCC2C001B2AF7 /* CalendarApi.swift */; };
		879718D522FFDB6100F69BF1 /* ShareViewController.swift in Sources */ = {isa = PBXBuildFile; fileRef = 879718D422FFDB6100F69BF1 /* ShareViewController.swift */; };
		879718D822FFDB6100F69BF1 /* MainInterface.storyboard in Resources */ = {isa = PBXBuildFile; fileRef = 879718D622FFDB6100F69BF1 /* MainInterface.storyboard */; };
		879718DC22FFDB6100F69BF1 /* Share.appex in Embed App Extensions */ = {isa = PBXBuildFile; fileRef = 879718D222FFDB6100F69BF1 /* Share.appex */; settings = {ATTRIBUTES = (RemoveHeadersOnCopy, ); }; };
		87C6677E23057B2200A85ED5 /* EditCalendarViewController.swift in Sources */ = {isa = PBXBuildFile; fileRef = 87C6677D23057B2200A85ED5 /* EditCalendarViewController.swift */; };
		87C66782230585DA00A85ED5 /* SelectCalendarViewController.swift in Sources */ = {isa = PBXBuildFile; fileRef = 87C66781230585DA00A85ED5 /* SelectCalendarViewController.swift */; };
		87C66784230589D300A85ED5 /* Settings.swift in Sources */ = {isa = PBXBuildFile; fileRef = 87C66783230589D300A85ED5 /* Settings.swift */; };
		87F2221622DC8AF3005B2CB7 /* PriorityViewCell.xib in Resources */ = {isa = PBXBuildFile; fileRef = 87F2221522DC8AF3005B2CB7 /* PriorityViewCell.xib */; };
		87F2221822DC8D9E005B2CB7 /* UITableView+ReusableCell.swift in Sources */ = {isa = PBXBuildFile; fileRef = 87F2221722DC8D9E005B2CB7 /* UITableView+ReusableCell.swift */; };
		87F2221F22DC907D005B2CB7 /* StringViewCell.swift in Sources */ = {isa = PBXBuildFile; fileRef = 87F2221D22DC907D005B2CB7 /* StringViewCell.swift */; };
		87F2222022DC907D005B2CB7 /* StringViewCell.xib in Resources */ = {isa = PBXBuildFile; fileRef = 87F2221E22DC907D005B2CB7 /* StringViewCell.xib */; };
		87F2222322DC92E5005B2CB7 /* MarkdownViewCell.swift in Sources */ = {isa = PBXBuildFile; fileRef = 87F2222122DC92E5005B2CB7 /* MarkdownViewCell.swift */; };
		87F2222422DC92E5005B2CB7 /* MarkdownViewCell.xib in Resources */ = {isa = PBXBuildFile; fileRef = 87F2222222DC92E5005B2CB7 /* MarkdownViewCell.xib */; };
		C13068C722E7082400C8BA5A /* ReminderGroup.swift in Sources */ = {isa = PBXBuildFile; fileRef = C13068C622E7082400C8BA5A /* ReminderGroup.swift */; };
		C14FBB702304CA87003D48BF /* SplitViewController.swift in Sources */ = {isa = PBXBuildFile; fileRef = C14FBB6F2304CA87003D48BF /* SplitViewController.swift */; };
		DBCC17F00C5F192B3DCD75A3 /* Pods_MarkdownTodo.framework in Frameworks */ = {isa = PBXBuildFile; fileRef = DBF6952C26FE70ACE74F2E13 /* Pods_MarkdownTodo.framework */; };
/* End PBXBuildFile section */

/* Begin PBXContainerItemProxy section */
		879718DA22FFDB6100F69BF1 /* PBXContainerItemProxy */ = {
			isa = PBXContainerItemProxy;
			containerPortal = 8706296F22D4AC120084441A /* Project object */;
			proxyType = 1;
			remoteGlobalIDString = 879718D122FFDB6100F69BF1;
			remoteInfo = Share;
		};
/* End PBXContainerItemProxy section */

/* Begin PBXCopyFilesBuildPhase section */
		879718E022FFDB6100F69BF1 /* Embed App Extensions */ = {
			isa = PBXCopyFilesBuildPhase;
			buildActionMask = 2147483647;
			dstPath = "";
			dstSubfolderSpec = 13;
			files = (
				879718DC22FFDB6100F69BF1 /* Share.appex in Embed App Extensions */,
			);
			name = "Embed App Extensions";
			runOnlyForDeploymentPostprocessing = 0;
		};
/* End PBXCopyFilesBuildPhase section */

/* Begin PBXFileReference section */
		2317172232B44B5B20FBBE38 /* Pods-MarkdownTodo.debug.xcconfig */ = {isa = PBXFileReference; includeInIndex = 1; lastKnownFileType = text.xcconfig; name = "Pods-MarkdownTodo.debug.xcconfig"; path = "Pods/Target Support Files/Pods-MarkdownTodo/Pods-MarkdownTodo.debug.xcconfig"; sourceTree = "<group>"; };
		8700DDC223041DE100A7082A /* NewCalendarViewController.swift */ = {isa = PBXFileReference; lastKnownFileType = sourcecode.swift; path = NewCalendarViewController.swift; sourceTree = "<group>"; };
		8700DDCA23042C7200A7082A /* SelectSourceController.swift */ = {isa = PBXFileReference; lastKnownFileType = sourcecode.swift; path = SelectSourceController.swift; sourceTree = "<group>"; };
		8700DDCC2304382E00A7082A /* SimpleTableViewCell.swift */ = {isa = PBXFileReference; lastKnownFileType = sourcecode.swift; path = SimpleTableViewCell.swift; sourceTree = "<group>"; };
		8706297722D4AC120084441A /* MarkdownTodo.app */ = {isa = PBXFileReference; explicitFileType = wrapper.application; includeInIndex = 0; path = MarkdownTodo.app; sourceTree = BUILT_PRODUCTS_DIR; };
		8706297A22D4AC120084441A /* AppDelegate.swift */ = {isa = PBXFileReference; lastKnownFileType = sourcecode.swift; path = AppDelegate.swift; sourceTree = "<group>"; };
		8706297C22D4AC120084441A /* CalendarListViewController.swift */ = {isa = PBXFileReference; lastKnownFileType = sourcecode.swift; path = CalendarListViewController.swift; sourceTree = "<group>"; };
		8706297E22D4AC120084441A /* ReminderListViewController.swift */ = {isa = PBXFileReference; lastKnownFileType = sourcecode.swift; path = ReminderListViewController.swift; sourceTree = "<group>"; };
		8706298122D4AC120084441A /* Base */ = {isa = PBXFileReference; lastKnownFileType = file.storyboard; name = Base; path = Base.lproj/Main.storyboard; sourceTree = "<group>"; };
		8706298322D4AC140084441A /* Assets.xcassets */ = {isa = PBXFileReference; lastKnownFileType = folder.assetcatalog; path = Assets.xcassets; sourceTree = "<group>"; };
		8706298622D4AC140084441A /* Base */ = {isa = PBXFileReference; lastKnownFileType = file.storyboard; name = Base; path = Base.lproj/LaunchScreen.storyboard; sourceTree = "<group>"; };
		8706298822D4AC140084441A /* Info.plist */ = {isa = PBXFileReference; lastKnownFileType = text.plist.xml; path = Info.plist; sourceTree = "<group>"; };
		8706298E22D4AD1D0084441A /* Calendar.swift */ = {isa = PBXFileReference; lastKnownFileType = sourcecode.swift; path = Calendar.swift; sourceTree = "<group>"; };
		87094FF222DC40A50047D672 /* README.md */ = {isa = PBXFileReference; lastKnownFileType = net.daringfireball.markdown; path = README.md; sourceTree = "<group>"; };
		87094FF522DC42BD0047D672 /* Colors.swift */ = {isa = PBXFileReference; lastKnownFileType = sourcecode.swift; path = Colors.swift; sourceTree = "<group>"; };
		87094FFB22DC52820047D672 /* PriorityViewCell.swift */ = {isa = PBXFileReference; lastKnownFileType = sourcecode.swift; path = PriorityViewCell.swift; sourceTree = "<group>"; };
		87191F7C22DDDD2B00E9DB4B /* ReminderViewCell.xib */ = {isa = PBXFileReference; lastKnownFileType = file.xib; path = ReminderViewCell.xib; sourceTree = "<group>"; };
		871B3AB922FAF16100EEB7B0 /* AgendaViewController.swift */ = {isa = PBXFileReference; lastKnownFileType = sourcecode.swift; path = AgendaViewController.swift; sourceTree = "<group>"; };
		871B3ABB22FB018100EEB7B0 /* SettingsViewController.swift */ = {isa = PBXFileReference; lastKnownFileType = sourcecode.swift; path = SettingsViewController.swift; sourceTree = "<group>"; };
		873AC79C22D8B5570059F70F /* ReminderViewCell.swift */ = {isa = PBXFileReference; lastKnownFileType = sourcecode.swift; path = ReminderViewCell.swift; sourceTree = "<group>"; };
		8759217E22E4070A00D3A641 /* Date+Extensions.swift */ = {isa = PBXFileReference; lastKnownFileType = sourcecode.swift; path = "Date+Extensions.swift"; sourceTree = "<group>"; };
		8759218222E42D6900D3A641 /* DateViewCell.swift */ = {isa = PBXFileReference; lastKnownFileType = sourcecode.swift; path = DateViewCell.swift; sourceTree = "<group>"; };
		8759218322E42D6900D3A641 /* DateViewCell.xib */ = {isa = PBXFileReference; lastKnownFileType = file.xib; path = DateViewCell.xib; sourceTree = "<group>"; };
		8759218622E43FBB00D3A641 /* ReminderActions.swift */ = {isa = PBXFileReference; lastKnownFileType = sourcecode.swift; path = ReminderActions.swift; sourceTree = "<group>"; };
		8759218822E44DE900D3A641 /* EKReminder+Extensions.swift */ = {isa = PBXFileReference; lastKnownFileType = sourcecode.swift; path = "EKReminder+Extensions.swift"; sourceTree = "<group>"; };
		8759218A22E45AC600D3A641 /* DatePickerViewController.swift */ = {isa = PBXFileReference; lastKnownFileType = sourcecode.swift; path = DatePickerViewController.swift; sourceTree = "<group>"; };
		8759218C22E4690400D3A641 /* DateComponent+Extensions.swift */ = {isa = PBXFileReference; lastKnownFileType = sourcecode.swift; path = "DateComponent+Extensions.swift"; sourceTree = "<group>"; };
		8759218E22E46EA000D3A641 /* Notification+Constants.swift */ = {isa = PBXFileReference; lastKnownFileType = sourcecode.swift; path = "Notification+Constants.swift"; sourceTree = "<group>"; };
		8759219022E4885E00D3A641 /* FSCalendar+Extensions.swift */ = {isa = PBXFileReference; lastKnownFileType = sourcecode.swift; path = "FSCalendar+Extensions.swift"; sourceTree = "<group>"; };
		8759219322E4918600D3A641 /* Shortcuts.swift */ = {isa = PBXFileReference; lastKnownFileType = sourcecode.swift; path = Shortcuts.swift; sourceTree = "<group>"; };
		8761EA9D22DC1D7800A8474A /* ReminderEditViewController.swift */ = {isa = PBXFileReference; lastKnownFileType = sourcecode.swift; path = ReminderEditViewController.swift; sourceTree = "<group>"; };
		8761EA9F22DC283900A8474A /* Storyboarded.swift */ = {isa = PBXFileReference; lastKnownFileType = sourcecode.swift; path = Storyboarded.swift; sourceTree = "<group>"; };
		87876F3C22DF48B4002C49E1 /* GroupedReminders.swift */ = {isa = PBXFileReference; lastKnownFileType = sourcecode.swift; path = GroupedReminders.swift; sourceTree = "<group>"; };
		879201A622DFCC2C001B2AF7 /* CalendarApi.swift */ = {isa = PBXFileReference; lastKnownFileType = sourcecode.swift; path = CalendarApi.swift; sourceTree = "<group>"; };
		879718D222FFDB6100F69BF1 /* Share.appex */ = {isa = PBXFileReference; explicitFileType = "wrapper.app-extension"; includeInIndex = 0; path = Share.appex; sourceTree = BUILT_PRODUCTS_DIR; };
		879718D422FFDB6100F69BF1 /* ShareViewController.swift */ = {isa = PBXFileReference; lastKnownFileType = sourcecode.swift; path = ShareViewController.swift; sourceTree = "<group>"; };
		879718D722FFDB6100F69BF1 /* Base */ = {isa = PBXFileReference; lastKnownFileType = file.storyboard; name = Base; path = Base.lproj/MainInterface.storyboard; sourceTree = "<group>"; };
		879718D922FFDB6100F69BF1 /* Info.plist */ = {isa = PBXFileReference; lastKnownFileType = text.plist.xml; path = Info.plist; sourceTree = "<group>"; };
		879718E122FFDB7C00F69BF1 /* MarkdownTodo.entitlements */ = {isa = PBXFileReference; lastKnownFileType = text.plist.entitlements; path = MarkdownTodo.entitlements; sourceTree = "<group>"; };
		879718E222FFDB9600F69BF1 /* Share.entitlements */ = {isa = PBXFileReference; lastKnownFileType = text.plist.entitlements; path = Share.entitlements; sourceTree = "<group>"; };
		87C6677D23057B2200A85ED5 /* EditCalendarViewController.swift */ = {isa = PBXFileReference; lastKnownFileType = sourcecode.swift; path = EditCalendarViewController.swift; sourceTree = "<group>"; };
		87C66781230585DA00A85ED5 /* SelectCalendarViewController.swift */ = {isa = PBXFileReference; lastKnownFileType = sourcecode.swift; path = SelectCalendarViewController.swift; sourceTree = "<group>"; };
		87C66783230589D300A85ED5 /* Settings.swift */ = {isa = PBXFileReference; lastKnownFileType = sourcecode.swift; path = Settings.swift; sourceTree = "<group>"; };
		87F2221522DC8AF3005B2CB7 /* PriorityViewCell.xib */ = {isa = PBXFileReference; lastKnownFileType = file.xib; path = PriorityViewCell.xib; sourceTree = "<group>"; };
		87F2221722DC8D9E005B2CB7 /* UITableView+ReusableCell.swift */ = {isa = PBXFileReference; lastKnownFileType = sourcecode.swift; path = "UITableView+ReusableCell.swift"; sourceTree = "<group>"; };
		87F2221D22DC907D005B2CB7 /* StringViewCell.swift */ = {isa = PBXFileReference; lastKnownFileType = sourcecode.swift; path = StringViewCell.swift; sourceTree = "<group>"; };
		87F2221E22DC907D005B2CB7 /* StringViewCell.xib */ = {isa = PBXFileReference; lastKnownFileType = file.xib; path = StringViewCell.xib; sourceTree = "<group>"; };
		87F2222122DC92E5005B2CB7 /* MarkdownViewCell.swift */ = {isa = PBXFileReference; lastKnownFileType = sourcecode.swift; path = MarkdownViewCell.swift; sourceTree = "<group>"; };
		87F2222222DC92E5005B2CB7 /* MarkdownViewCell.xib */ = {isa = PBXFileReference; lastKnownFileType = file.xib; path = MarkdownViewCell.xib; sourceTree = "<group>"; };
		B64234EDF7AB64021AEF5D35 /* Pods-MarkdownTodo.release.xcconfig */ = {isa = PBXFileReference; includeInIndex = 1; lastKnownFileType = text.xcconfig; name = "Pods-MarkdownTodo.release.xcconfig"; path = "Pods/Target Support Files/Pods-MarkdownTodo/Pods-MarkdownTodo.release.xcconfig"; sourceTree = "<group>"; };
		C13068C622E7082400C8BA5A /* ReminderGroup.swift */ = {isa = PBXFileReference; lastKnownFileType = sourcecode.swift; path = ReminderGroup.swift; sourceTree = "<group>"; };
		C14FBB6F2304CA87003D48BF /* SplitViewController.swift */ = {isa = PBXFileReference; lastKnownFileType = sourcecode.swift; path = SplitViewController.swift; sourceTree = "<group>"; };
		DBF6952C26FE70ACE74F2E13 /* Pods_MarkdownTodo.framework */ = {isa = PBXFileReference; explicitFileType = wrapper.framework; includeInIndex = 0; path = Pods_MarkdownTodo.framework; sourceTree = BUILT_PRODUCTS_DIR; };
/* End PBXFileReference section */

/* Begin PBXFrameworksBuildPhase section */
		8706297422D4AC120084441A /* Frameworks */ = {
			isa = PBXFrameworksBuildPhase;
			buildActionMask = 2147483647;
			files = (
				DBCC17F00C5F192B3DCD75A3 /* Pods_MarkdownTodo.framework in Frameworks */,
			);
			runOnlyForDeploymentPostprocessing = 0;
		};
		879718CF22FFDB6100F69BF1 /* Frameworks */ = {
			isa = PBXFrameworksBuildPhase;
			buildActionMask = 2147483647;
			files = (
			);
			runOnlyForDeploymentPostprocessing = 0;
		};
/* End PBXFrameworksBuildPhase section */

/* Begin PBXGroup section */
		086639E2FB4201CC6AE22150 /* Pods */ = {
			isa = PBXGroup;
			children = (
				2317172232B44B5B20FBBE38 /* Pods-MarkdownTodo.debug.xcconfig */,
				B64234EDF7AB64021AEF5D35 /* Pods-MarkdownTodo.release.xcconfig */,
			);
			name = Pods;
			sourceTree = "<group>";
		};
		8706296E22D4AC120084441A = {
			isa = PBXGroup;
			children = (
				885383B60B0679D0E22DBAA6 /* Frameworks */,
				8706297922D4AC120084441A /* MarkdownTodo */,
				086639E2FB4201CC6AE22150 /* Pods */,
				8706297822D4AC120084441A /* Products */,
				879718D322FFDB6100F69BF1 /* Share */,
				87094FF222DC40A50047D672 /* README.md */,
			);
			sourceTree = "<group>";
		};
		8706297822D4AC120084441A /* Products */ = {
			isa = PBXGroup;
			children = (
				8706297722D4AC120084441A /* MarkdownTodo.app */,
				879718D222FFDB6100F69BF1 /* Share.appex */,
			);
			name = Products;
			sourceTree = "<group>";
		};
		8706297922D4AC120084441A /* MarkdownTodo */ = {
			isa = PBXGroup;
			children = (
				87094FFD22DC57F80047D672 /* Cells */,
				8759219222E4887B00D3A641 /* Extensions */,
				8709500022DC72ED0047D672 /* Helpers */,
				87876F3E22DF4955002C49E1 /* Protocols */,
				8761EAA122DC28D500A8474A /* Views */,
				8706297A22D4AC120084441A /* AppDelegate.swift */,
				8706298322D4AC140084441A /* Assets.xcassets */,
				8706298822D4AC140084441A /* Info.plist */,
				8706298522D4AC140084441A /* LaunchScreen.storyboard */,
				879718E122FFDB7C00F69BF1 /* MarkdownTodo.entitlements */,
			);
			path = MarkdownTodo;
			sourceTree = "<group>";
		};
		87094FFD22DC57F80047D672 /* Cells */ = {
			isa = PBXGroup;
			children = (
				8759218222E42D6900D3A641 /* DateViewCell.swift */,
				8759218322E42D6900D3A641 /* DateViewCell.xib */,
				87F2222122DC92E5005B2CB7 /* MarkdownViewCell.swift */,
				87F2222222DC92E5005B2CB7 /* MarkdownViewCell.xib */,
				87094FFB22DC52820047D672 /* PriorityViewCell.swift */,
				87F2221522DC8AF3005B2CB7 /* PriorityViewCell.xib */,
				873AC79C22D8B5570059F70F /* ReminderViewCell.swift */,
				87191F7C22DDDD2B00E9DB4B /* ReminderViewCell.xib */,
				8700DDCC2304382E00A7082A /* SimpleTableViewCell.swift */,
				87F2221D22DC907D005B2CB7 /* StringViewCell.swift */,
				87F2221E22DC907D005B2CB7 /* StringViewCell.xib */,
			);
			path = Cells;
			sourceTree = "<group>";
		};
		8709500022DC72ED0047D672 /* Helpers */ = {
			isa = PBXGroup;
			children = (
				8706298E22D4AD1D0084441A /* Calendar.swift */,
				879201A622DFCC2C001B2AF7 /* CalendarApi.swift */,
				87094FF522DC42BD0047D672 /* Colors.swift */,
				87C66783230589D300A85ED5 /* Settings.swift */,
				8759219322E4918600D3A641 /* Shortcuts.swift */,
				8761EA9F22DC283900A8474A /* Storyboarded.swift */,
			);
			path = Helpers;
			sourceTree = "<group>";
		};
		8759219222E4887B00D3A641 /* Extensions */ = {
			isa = PBXGroup;
			children = (
				8759217E22E4070A00D3A641 /* Date+Extensions.swift */,
				8759218C22E4690400D3A641 /* DateComponent+Extensions.swift */,
				8759218822E44DE900D3A641 /* EKReminder+Extensions.swift */,
				8759219022E4885E00D3A641 /* FSCalendar+Extensions.swift */,
				8759218E22E46EA000D3A641 /* Notification+Constants.swift */,
				C14FBB6F2304CA87003D48BF /* SplitViewController.swift */,
				87F2221722DC8D9E005B2CB7 /* UITableView+ReusableCell.swift */,
			);
			path = Extensions;
			sourceTree = "<group>";
		};
		8761EAA122DC28D500A8474A /* Views */ = {
			isa = PBXGroup;
			children = (
				871B3AB922FAF16100EEB7B0 /* AgendaViewController.swift */,
				8706297C22D4AC120084441A /* CalendarListViewController.swift */,
				8759218A22E45AC600D3A641 /* DatePickerViewController.swift */,
				87C6677D23057B2200A85ED5 /* EditCalendarViewController.swift */,
				8706298022D4AC120084441A /* Main.storyboard */,
				8700DDC223041DE100A7082A /* NewCalendarViewController.swift */,
				8761EA9D22DC1D7800A8474A /* ReminderEditViewController.swift */,
				8706297E22D4AC120084441A /* ReminderListViewController.swift */,
				87C66781230585DA00A85ED5 /* SelectCalendarViewController.swift */,
				8700DDCA23042C7200A7082A /* SelectSourceController.swift */,
				871B3ABB22FB018100EEB7B0 /* SettingsViewController.swift */,
			);
			path = Views;
			sourceTree = "<group>";
		};
		87876F3E22DF4955002C49E1 /* Protocols */ = {
			isa = PBXGroup;
			children = (
				87876F3C22DF48B4002C49E1 /* GroupedReminders.swift */,
				8759218622E43FBB00D3A641 /* ReminderActions.swift */,
				C13068C622E7082400C8BA5A /* ReminderGroup.swift */,
			);
			path = Protocols;
			sourceTree = "<group>";
		};
		879718D322FFDB6100F69BF1 /* Share */ = {
			isa = PBXGroup;
			children = (
				879718D922FFDB6100F69BF1 /* Info.plist */,
				879718D622FFDB6100F69BF1 /* MainInterface.storyboard */,
				879718E222FFDB9600F69BF1 /* Share.entitlements */,
				879718D422FFDB6100F69BF1 /* ShareViewController.swift */,
			);
			path = Share;
			sourceTree = "<group>";
		};
		885383B60B0679D0E22DBAA6 /* Frameworks */ = {
			isa = PBXGroup;
			children = (
				DBF6952C26FE70ACE74F2E13 /* Pods_MarkdownTodo.framework */,
			);
			name = Frameworks;
			sourceTree = "<group>";
		};
/* End PBXGroup section */

/* Begin PBXNativeTarget section */
		8706297622D4AC120084441A /* MarkdownTodo */ = {
			isa = PBXNativeTarget;
			buildConfigurationList = 8706298B22D4AC140084441A /* Build configuration list for PBXNativeTarget "MarkdownTodo" */;
			buildPhases = (
				4254FF8DEDC6D521381172A9 /* [CP] Check Pods Manifest.lock */,
				8706297322D4AC120084441A /* Sources */,
				8706297422D4AC120084441A /* Frameworks */,
				8706297522D4AC120084441A /* Resources */,
				37FBDA79D4CAA1F5033E010C /* [CP] Embed Pods Frameworks */,
				879718E022FFDB6100F69BF1 /* Embed App Extensions */,
			);
			buildRules = (
			);
			dependencies = (
				879718DB22FFDB6100F69BF1 /* PBXTargetDependency */,
			);
			name = MarkdownTodo;
			productName = MarkdownTodo;
			productReference = 8706297722D4AC120084441A /* MarkdownTodo.app */;
			productType = "com.apple.product-type.application";
		};
		879718D122FFDB6100F69BF1 /* Share */ = {
			isa = PBXNativeTarget;
			buildConfigurationList = 879718DF22FFDB6100F69BF1 /* Build configuration list for PBXNativeTarget "Share" */;
			buildPhases = (
				879718CE22FFDB6100F69BF1 /* Sources */,
				879718CF22FFDB6100F69BF1 /* Frameworks */,
				879718D022FFDB6100F69BF1 /* Resources */,
			);
			buildRules = (
			);
			dependencies = (
			);
			name = Share;
			productName = Share;
			productReference = 879718D222FFDB6100F69BF1 /* Share.appex */;
			productType = "com.apple.product-type.app-extension";
		};
/* End PBXNativeTarget section */

/* Begin PBXProject section */
		8706296F22D4AC120084441A /* Project object */ = {
			isa = PBXProject;
			attributes = {
				LastSwiftUpdateCheck = 1030;
				LastUpgradeCheck = 1020;
				ORGANIZATIONNAME = "Paul Traylor";
				TargetAttributes = {
					8706297622D4AC120084441A = {
						CreatedOnToolsVersion = 10.2.1;
						LastSwiftMigration = 1020;
						SystemCapabilities = {
							com.apple.ApplicationGroups.iOS = {
								enabled = 1;
							};
						};
					};
					879718D122FFDB6100F69BF1 = {
						CreatedOnToolsVersion = 10.3;
						SystemCapabilities = {
							com.apple.ApplicationGroups.iOS = {
								enabled = 1;
							};
						};
					};
				};
			};
			buildConfigurationList = 8706297222D4AC120084441A /* Build configuration list for PBXProject "MarkdownTodo" */;
			compatibilityVersion = "Xcode 9.3";
			developmentRegion = en;
			hasScannedForEncodings = 0;
			knownRegions = (
				en,
				Base,
			);
			mainGroup = 8706296E22D4AC120084441A;
			productRefGroup = 8706297822D4AC120084441A /* Products */;
			projectDirPath = "";
			projectRoot = "";
			targets = (
				8706297622D4AC120084441A /* MarkdownTodo */,
				879718D122FFDB6100F69BF1 /* Share */,
			);
		};
/* End PBXProject section */

/* Begin PBXResourcesBuildPhase section */
		8706297522D4AC120084441A /* Resources */ = {
			isa = PBXResourcesBuildPhase;
			buildActionMask = 2147483647;
			files = (
				8706298722D4AC140084441A /* LaunchScreen.storyboard in Resources */,
				8706298422D4AC140084441A /* Assets.xcassets in Resources */,
				8759218522E42D6900D3A641 /* DateViewCell.xib in Resources */,
				87191F7D22DDDD2B00E9DB4B /* ReminderViewCell.xib in Resources */,
				87F2221622DC8AF3005B2CB7 /* PriorityViewCell.xib in Resources */,
				87F2222022DC907D005B2CB7 /* StringViewCell.xib in Resources */,
				8706298222D4AC120084441A /* Main.storyboard in Resources */,
				87F2222422DC92E5005B2CB7 /* MarkdownViewCell.xib in Resources */,
			);
			runOnlyForDeploymentPostprocessing = 0;
		};
		879718D022FFDB6100F69BF1 /* Resources */ = {
			isa = PBXResourcesBuildPhase;
			buildActionMask = 2147483647;
			files = (
				879718D822FFDB6100F69BF1 /* MainInterface.storyboard in Resources */,
			);
			runOnlyForDeploymentPostprocessing = 0;
		};
/* End PBXResourcesBuildPhase section */

/* Begin PBXShellScriptBuildPhase section */
		37FBDA79D4CAA1F5033E010C /* [CP] Embed Pods Frameworks */ = {
			isa = PBXShellScriptBuildPhase;
			buildActionMask = 2147483647;
			files = (
			);
			inputFileListPaths = (
				"${PODS_ROOT}/Target Support Files/Pods-MarkdownTodo/Pods-MarkdownTodo-frameworks-${CONFIGURATION}-input-files.xcfilelist",
			);
			name = "[CP] Embed Pods Frameworks";
			outputFileListPaths = (
				"${PODS_ROOT}/Target Support Files/Pods-MarkdownTodo/Pods-MarkdownTodo-frameworks-${CONFIGURATION}-output-files.xcfilelist",
			);
			runOnlyForDeploymentPostprocessing = 0;
			shellPath = /bin/sh;
			shellScript = "\"${PODS_ROOT}/Target Support Files/Pods-MarkdownTodo/Pods-MarkdownTodo-frameworks.sh\"\n";
			showEnvVarsInLog = 0;
		};
		4254FF8DEDC6D521381172A9 /* [CP] Check Pods Manifest.lock */ = {
			isa = PBXShellScriptBuildPhase;
			buildActionMask = 2147483647;
			files = (
			);
			inputPaths = (
				"${PODS_PODFILE_DIR_PATH}/Podfile.lock",
				"${PODS_ROOT}/Manifest.lock",
			);
			name = "[CP] Check Pods Manifest.lock";
			outputPaths = (
				"$(DERIVED_FILE_DIR)/Pods-MarkdownTodo-checkManifestLockResult.txt",
			);
			runOnlyForDeploymentPostprocessing = 0;
			shellPath = /bin/sh;
			shellScript = "diff \"${PODS_PODFILE_DIR_PATH}/Podfile.lock\" \"${PODS_ROOT}/Manifest.lock\" > /dev/null\nif [ $? != 0 ] ; then\n    # print error to STDERR\n    echo \"error: The sandbox is not in sync with the Podfile.lock. Run 'pod install' or update your CocoaPods installation.\" >&2\n    exit 1\nfi\n# This output is used by Xcode 'outputs' to avoid re-running this script phase.\necho \"SUCCESS\" > \"${SCRIPT_OUTPUT_FILE_0}\"\n";
			showEnvVarsInLog = 0;
		};
/* End PBXShellScriptBuildPhase section */

/* Begin PBXSourcesBuildPhase section */
		8706297322D4AC120084441A /* Sources */ = {
			isa = PBXSourcesBuildPhase;
			buildActionMask = 2147483647;
			files = (
				8761EA9E22DC1D7800A8474A /* ReminderEditViewController.swift in Sources */,
				87094FF622DC42BD0047D672 /* Colors.swift in Sources */,
				8706297F22D4AC120084441A /* ReminderListViewController.swift in Sources */,
				879201A722DFCC2C001B2AF7 /* CalendarApi.swift in Sources */,
				87876F3D22DF48B4002C49E1 /* GroupedReminders.swift in Sources */,
				873AC79D22D8B5570059F70F /* ReminderViewCell.swift in Sources */,
				8759218F22E46EA000D3A641 /* Notification+Constants.swift in Sources */,
				8759218B22E45AC600D3A641 /* DatePickerViewController.swift in Sources */,
				8759218722E43FBB00D3A641 /* ReminderActions.swift in Sources */,
				87C66784230589D300A85ED5 /* Settings.swift in Sources */,
				8759219422E4918600D3A641 /* Shortcuts.swift in Sources */,
				C14FBB702304CA87003D48BF /* SplitViewController.swift in Sources */,
				8759218922E44DE900D3A641 /* EKReminder+Extensions.swift in Sources */,
				8759218422E42D6900D3A641 /* DateViewCell.swift in Sources */,
				8706297D22D4AC120084441A /* CalendarListViewController.swift in Sources */,
				87C66782230585DA00A85ED5 /* SelectCalendarViewController.swift in Sources */,
				87F2221F22DC907D005B2CB7 /* StringViewCell.swift in Sources */,
				8759217F22E4070A00D3A641 /* Date+Extensions.swift in Sources */,
				8759218D22E4690400D3A641 /* DateComponent+Extensions.swift in Sources */,
				87094FFC22DC52820047D672 /* PriorityViewCell.swift in Sources */,
				871B3ABA22FAF16100EEB7B0 /* AgendaViewController.swift in Sources */,
				8700DDC323041DE100A7082A /* NewCalendarViewController.swift in Sources */,
				C13068C722E7082400C8BA5A /* ReminderGroup.swift in Sources */,
				8700DDCB23042C7200A7082A /* SelectSourceController.swift in Sources */,
				8759219122E4885E00D3A641 /* FSCalendar+Extensions.swift in Sources */,
				8706297B22D4AC120084441A /* AppDelegate.swift in Sources */,
				8700DDCD2304382E00A7082A /* SimpleTableViewCell.swift in Sources */,
				8706298F22D4AD1D0084441A /* Calendar.swift in Sources */,
				8761EAA022DC283900A8474A /* Storyboarded.swift in Sources */,
				871B3ABC22FB018100EEB7B0 /* SettingsViewController.swift in Sources */,
				87F2221822DC8D9E005B2CB7 /* UITableView+ReusableCell.swift in Sources */,
				87F2222322DC92E5005B2CB7 /* MarkdownViewCell.swift in Sources */,
				87C6677E23057B2200A85ED5 /* EditCalendarViewController.swift in Sources */,
			);
			runOnlyForDeploymentPostprocessing = 0;
		};
		879718CE22FFDB6100F69BF1 /* Sources */ = {
			isa = PBXSourcesBuildPhase;
			buildActionMask = 2147483647;
			files = (
				879718D522FFDB6100F69BF1 /* ShareViewController.swift in Sources */,
			);
			runOnlyForDeploymentPostprocessing = 0;
		};
/* End PBXSourcesBuildPhase section */

/* Begin PBXTargetDependency section */
		879718DB22FFDB6100F69BF1 /* PBXTargetDependency */ = {
			isa = PBXTargetDependency;
			target = 879718D122FFDB6100F69BF1 /* Share */;
			targetProxy = 879718DA22FFDB6100F69BF1 /* PBXContainerItemProxy */;
		};
/* End PBXTargetDependency section */

/* Begin PBXVariantGroup section */
		8706298022D4AC120084441A /* Main.storyboard */ = {
			isa = PBXVariantGroup;
			children = (
				8706298122D4AC120084441A /* Base */,
			);
			name = Main.storyboard;
			path = .;
			sourceTree = "<group>";
		};
		8706298522D4AC140084441A /* LaunchScreen.storyboard */ = {
			isa = PBXVariantGroup;
			children = (
				8706298622D4AC140084441A /* Base */,
			);
			name = LaunchScreen.storyboard;
			path = .;
			sourceTree = "<group>";
		};
		879718D622FFDB6100F69BF1 /* MainInterface.storyboard */ = {
			isa = PBXVariantGroup;
			children = (
				879718D722FFDB6100F69BF1 /* Base */,
			);
			name = MainInterface.storyboard;
			path = .;
			sourceTree = "<group>";
		};
/* End PBXVariantGroup section */

/* Begin XCBuildConfiguration section */
		8706298922D4AC140084441A /* Debug */ = {
			isa = XCBuildConfiguration;
			buildSettings = {
				ALWAYS_SEARCH_USER_PATHS = NO;
				CLANG_ANALYZER_NONNULL = YES;
				CLANG_ANALYZER_NUMBER_OBJECT_CONVERSION = YES_AGGRESSIVE;
				CLANG_CXX_LANGUAGE_STANDARD = "gnu++14";
				CLANG_CXX_LIBRARY = "libc++";
				CLANG_ENABLE_MODULES = YES;
				CLANG_ENABLE_OBJC_ARC = YES;
				CLANG_ENABLE_OBJC_WEAK = YES;
				CLANG_WARN_BLOCK_CAPTURE_AUTORELEASING = YES;
				CLANG_WARN_BOOL_CONVERSION = YES;
				CLANG_WARN_COMMA = YES;
				CLANG_WARN_CONSTANT_CONVERSION = YES;
				CLANG_WARN_DEPRECATED_OBJC_IMPLEMENTATIONS = YES;
				CLANG_WARN_DIRECT_OBJC_ISA_USAGE = YES_ERROR;
				CLANG_WARN_DOCUMENTATION_COMMENTS = YES;
				CLANG_WARN_EMPTY_BODY = YES;
				CLANG_WARN_ENUM_CONVERSION = YES;
				CLANG_WARN_INFINITE_RECURSION = YES;
				CLANG_WARN_INT_CONVERSION = YES;
				CLANG_WARN_NON_LITERAL_NULL_CONVERSION = YES;
				CLANG_WARN_OBJC_IMPLICIT_RETAIN_SELF = YES;
				CLANG_WARN_OBJC_LITERAL_CONVERSION = YES;
				CLANG_WARN_OBJC_ROOT_CLASS = YES_ERROR;
				CLANG_WARN_RANGE_LOOP_ANALYSIS = YES;
				CLANG_WARN_STRICT_PROTOTYPES = YES;
				CLANG_WARN_SUSPICIOUS_MOVE = YES;
				CLANG_WARN_UNGUARDED_AVAILABILITY = YES_AGGRESSIVE;
				CLANG_WARN_UNREACHABLE_CODE = YES;
				CLANG_WARN__DUPLICATE_METHOD_MATCH = YES;
				CODE_SIGN_IDENTITY = "iPhone Developer";
				COPY_PHASE_STRIP = NO;
				DEBUG_INFORMATION_FORMAT = dwarf;
				ENABLE_STRICT_OBJC_MSGSEND = YES;
				ENABLE_TESTABILITY = YES;
				GCC_C_LANGUAGE_STANDARD = gnu11;
				GCC_DYNAMIC_NO_PIC = NO;
				GCC_NO_COMMON_BLOCKS = YES;
				GCC_OPTIMIZATION_LEVEL = 0;
				GCC_PREPROCESSOR_DEFINITIONS = (
					"DEBUG=1",
					"$(inherited)",
				);
				GCC_WARN_64_TO_32_BIT_CONVERSION = YES;
				GCC_WARN_ABOUT_RETURN_TYPE = YES_ERROR;
				GCC_WARN_UNDECLARED_SELECTOR = YES;
				GCC_WARN_UNINITIALIZED_AUTOS = YES_AGGRESSIVE;
				GCC_WARN_UNUSED_FUNCTION = YES;
				GCC_WARN_UNUSED_VARIABLE = YES;
				IPHONEOS_DEPLOYMENT_TARGET = 12.2;
				MTL_ENABLE_DEBUG_INFO = INCLUDE_SOURCE;
				MTL_FAST_MATH = YES;
				ONLY_ACTIVE_ARCH = YES;
				SDKROOT = iphoneos;
				SWIFT_ACTIVE_COMPILATION_CONDITIONS = DEBUG;
				SWIFT_OPTIMIZATION_LEVEL = "-Onone";
			};
			name = Debug;
		};
		8706298A22D4AC140084441A /* Release */ = {
			isa = XCBuildConfiguration;
			buildSettings = {
				ALWAYS_SEARCH_USER_PATHS = NO;
				CLANG_ANALYZER_NONNULL = YES;
				CLANG_ANALYZER_NUMBER_OBJECT_CONVERSION = YES_AGGRESSIVE;
				CLANG_CXX_LANGUAGE_STANDARD = "gnu++14";
				CLANG_CXX_LIBRARY = "libc++";
				CLANG_ENABLE_MODULES = YES;
				CLANG_ENABLE_OBJC_ARC = YES;
				CLANG_ENABLE_OBJC_WEAK = YES;
				CLANG_WARN_BLOCK_CAPTURE_AUTORELEASING = YES;
				CLANG_WARN_BOOL_CONVERSION = YES;
				CLANG_WARN_COMMA = YES;
				CLANG_WARN_CONSTANT_CONVERSION = YES;
				CLANG_WARN_DEPRECATED_OBJC_IMPLEMENTATIONS = YES;
				CLANG_WARN_DIRECT_OBJC_ISA_USAGE = YES_ERROR;
				CLANG_WARN_DOCUMENTATION_COMMENTS = YES;
				CLANG_WARN_EMPTY_BODY = YES;
				CLANG_WARN_ENUM_CONVERSION = YES;
				CLANG_WARN_INFINITE_RECURSION = YES;
				CLANG_WARN_INT_CONVERSION = YES;
				CLANG_WARN_NON_LITERAL_NULL_CONVERSION = YES;
				CLANG_WARN_OBJC_IMPLICIT_RETAIN_SELF = YES;
				CLANG_WARN_OBJC_LITERAL_CONVERSION = YES;
				CLANG_WARN_OBJC_ROOT_CLASS = YES_ERROR;
				CLANG_WARN_RANGE_LOOP_ANALYSIS = YES;
				CLANG_WARN_STRICT_PROTOTYPES = YES;
				CLANG_WARN_SUSPICIOUS_MOVE = YES;
				CLANG_WARN_UNGUARDED_AVAILABILITY = YES_AGGRESSIVE;
				CLANG_WARN_UNREACHABLE_CODE = YES;
				CLANG_WARN__DUPLICATE_METHOD_MATCH = YES;
				CODE_SIGN_IDENTITY = "iPhone Developer";
				COPY_PHASE_STRIP = NO;
				DEBUG_INFORMATION_FORMAT = "dwarf-with-dsym";
				ENABLE_NS_ASSERTIONS = NO;
				ENABLE_STRICT_OBJC_MSGSEND = YES;
				GCC_C_LANGUAGE_STANDARD = gnu11;
				GCC_NO_COMMON_BLOCKS = YES;
				GCC_WARN_64_TO_32_BIT_CONVERSION = YES;
				GCC_WARN_ABOUT_RETURN_TYPE = YES_ERROR;
				GCC_WARN_UNDECLARED_SELECTOR = YES;
				GCC_WARN_UNINITIALIZED_AUTOS = YES_AGGRESSIVE;
				GCC_WARN_UNUSED_FUNCTION = YES;
				GCC_WARN_UNUSED_VARIABLE = YES;
				IPHONEOS_DEPLOYMENT_TARGET = 12.2;
				MTL_ENABLE_DEBUG_INFO = NO;
				MTL_FAST_MATH = YES;
				SDKROOT = iphoneos;
				SWIFT_COMPILATION_MODE = wholemodule;
				SWIFT_OPTIMIZATION_LEVEL = "-O";
				VALIDATE_PRODUCT = YES;
			};
			name = Release;
		};
		8706298C22D4AC140084441A /* Debug */ = {
			isa = XCBuildConfiguration;
			baseConfigurationReference = 2317172232B44B5B20FBBE38 /* Pods-MarkdownTodo.debug.xcconfig */;
			buildSettings = {
				ALWAYS_EMBED_SWIFT_STANDARD_LIBRARIES = YES;
				ASSETCATALOG_COMPILER_APPICON_NAME = AppIcon;
				CODE_SIGN_ENTITLEMENTS = MarkdownTodo/MarkdownTodo.entitlements;
				CODE_SIGN_STYLE = Automatic;
				CURRENT_PROJECT_VERSION = 18;
				DEVELOPMENT_TEAM = QX3B8ZS54S;
				INFOPLIST_FILE = MarkdownTodo/Info.plist;
				IPHONEOS_DEPLOYMENT_TARGET = 12.1;
				LD_RUNPATH_SEARCH_PATHS = (
					"$(inherited)",
					"@executable_path/Frameworks",
				);
				PRODUCT_BUNDLE_IDENTIFIER = net.kungfudiscomonkey.MarkdownTodo;
				PRODUCT_NAME = "$(TARGET_NAME)";
				SWIFT_VERSION = 5.0;
				TARGETED_DEVICE_FAMILY = "1,2";
				VERSIONING_SYSTEM = "apple-generic";
			};
			name = Debug;
		};
		8706298D22D4AC140084441A /* Release */ = {
			isa = XCBuildConfiguration;
			baseConfigurationReference = B64234EDF7AB64021AEF5D35 /* Pods-MarkdownTodo.release.xcconfig */;
			buildSettings = {
				ALWAYS_EMBED_SWIFT_STANDARD_LIBRARIES = YES;
				ASSETCATALOG_COMPILER_APPICON_NAME = AppIcon;
				CODE_SIGN_ENTITLEMENTS = MarkdownTodo/MarkdownTodo.entitlements;
				CODE_SIGN_STYLE = Automatic;
				CURRENT_PROJECT_VERSION = 18;
				DEVELOPMENT_TEAM = QX3B8ZS54S;
				INFOPLIST_FILE = MarkdownTodo/Info.plist;
				IPHONEOS_DEPLOYMENT_TARGET = 12.1;
				LD_RUNPATH_SEARCH_PATHS = (
					"$(inherited)",
					"@executable_path/Frameworks",
				);
				PRODUCT_BUNDLE_IDENTIFIER = net.kungfudiscomonkey.MarkdownTodo;
				PRODUCT_NAME = "$(TARGET_NAME)";
				SWIFT_VERSION = 5.0;
				TARGETED_DEVICE_FAMILY = "1,2";
				VERSIONING_SYSTEM = "apple-generic";
			};
			name = Release;
		};
		879718DD22FFDB6100F69BF1 /* Debug */ = {
			isa = XCBuildConfiguration;
			buildSettings = {
				CODE_SIGN_ENTITLEMENTS = Share/Share.entitlements;
				CODE_SIGN_STYLE = Automatic;
				DEVELOPMENT_TEAM = QX3B8ZS54S;
				INFOPLIST_FILE = Share/Info.plist;
				IPHONEOS_DEPLOYMENT_TARGET = 12.4;
				LD_RUNPATH_SEARCH_PATHS = (
					"$(inherited)",
					"@executable_path/Frameworks",
					"@executable_path/../../Frameworks",
				);
				PRODUCT_BUNDLE_IDENTIFIER = net.kungfudiscomonkey.MarkdownTodo.Share;
				PRODUCT_NAME = "$(TARGET_NAME)";
				SKIP_INSTALL = YES;
				SWIFT_VERSION = 5.0;
				TARGETED_DEVICE_FAMILY = "1,2";
			};
			name = Debug;
		};
		879718DE22FFDB6100F69BF1 /* Release */ = {
			isa = XCBuildConfiguration;
			buildSettings = {
				CODE_SIGN_ENTITLEMENTS = Share/Share.entitlements;
				CODE_SIGN_STYLE = Automatic;
				DEVELOPMENT_TEAM = QX3B8ZS54S;
				INFOPLIST_FILE = Share/Info.plist;
				IPHONEOS_DEPLOYMENT_TARGET = 12.4;
				LD_RUNPATH_SEARCH_PATHS = (
					"$(inherited)",
					"@executable_path/Frameworks",
					"@executable_path/../../Frameworks",
				);
				PRODUCT_BUNDLE_IDENTIFIER = net.kungfudiscomonkey.MarkdownTodo.Share;
				PRODUCT_NAME = "$(TARGET_NAME)";
				SKIP_INSTALL = YES;
				SWIFT_VERSION = 5.0;
				TARGETED_DEVICE_FAMILY = "1,2";
			};
			name = Release;
		};
/* End XCBuildConfiguration section */

/* Begin XCConfigurationList section */
		8706297222D4AC120084441A /* Build configuration list for PBXProject "MarkdownTodo" */ = {
			isa = XCConfigurationList;
			buildConfigurations = (
				8706298922D4AC140084441A /* Debug */,
				8706298A22D4AC140084441A /* Release */,
			);
			defaultConfigurationIsVisible = 0;
			defaultConfigurationName = Release;
		};
		8706298B22D4AC140084441A /* Build configuration list for PBXNativeTarget "MarkdownTodo" */ = {
			isa = XCConfigurationList;
			buildConfigurations = (
				8706298C22D4AC140084441A /* Debug */,
				8706298D22D4AC140084441A /* Release */,
			);
			defaultConfigurationIsVisible = 0;
			defaultConfigurationName = Release;
		};
		879718DF22FFDB6100F69BF1 /* Build configuration list for PBXNativeTarget "Share" */ = {
			isa = XCConfigurationList;
			buildConfigurations = (
				879718DD22FFDB6100F69BF1 /* Debug */,
				879718DE22FFDB6100F69BF1 /* Release */,
			);
			defaultConfigurationIsVisible = 0;
			defaultConfigurationName = Release;
		};
/* End XCConfigurationList section */
	};
	rootObject = 8706296F22D4AC120084441A /* Project object */;
}
