// !$*UTF8*$!
{
	archiveVersion = 1;
	classes = {
	};
	objectVersion = 50;
	objects = {

/* Begin PBXBuildFile section */
		87371CA524B9BBB8005EA9F7 /* AppDelegate.swift in Sources */ = {isa = PBXBuildFile; fileRef = 87371CA424B9BBB8005EA9F7 /* AppDelegate.swift */; };
		87371CA724B9BBB8005EA9F7 /* SceneDelegate.swift in Sources */ = {isa = PBXBuildFile; fileRef = 87371CA624B9BBB8005EA9F7 /* SceneDelegate.swift */; };
		87371CA924B9BBB8005EA9F7 /* ContentView.swift in Sources */ = {isa = PBXBuildFile; fileRef = 87371CA824B9BBB8005EA9F7 /* ContentView.swift */; };
		87371CAB24B9BBB8005EA9F7 /* Assets.xcassets in Resources */ = {isa = PBXBuildFile; fileRef = 87371CAA24B9BBB8005EA9F7 /* Assets.xcassets */; };
		87371CAE24B9BBB8005EA9F7 /* Preview Assets.xcassets in Resources */ = {isa = PBXBuildFile; fileRef = 87371CAD24B9BBB8005EA9F7 /* Preview Assets.xcassets */; };
		87371CB124B9BBB8005EA9F7 /* LaunchScreen.storyboard in Resources */ = {isa = PBXBuildFile; fileRef = 87371CAF24B9BBB8005EA9F7 /* LaunchScreen.storyboard */; };
		87371CB924B9C042005EA9F7 /* CalendarListView.swift in Sources */ = {isa = PBXBuildFile; fileRef = 87371CB824B9C042005EA9F7 /* CalendarListView.swift */; };
		87371CBC24B9C0BC005EA9F7 /* EventStore.swift in Sources */ = {isa = PBXBuildFile; fileRef = 87371CBB24B9C0BC005EA9F7 /* EventStore.swift */; };
		87371CBF24B9C9CA005EA9F7 /* CalendarDetailView.swift in Sources */ = {isa = PBXBuildFile; fileRef = 87371CBE24B9C9CA005EA9F7 /* CalendarDetailView.swift */; };
		87A9D44324B9D67600086541 /* ReminderRow.swift in Sources */ = {isa = PBXBuildFile; fileRef = 87A9D44224B9D67600086541 /* ReminderRow.swift */; };
		87A9D44524B9DA8800086541 /* PlannerView.swift in Sources */ = {isa = PBXBuildFile; fileRef = 87A9D44424B9DA8800086541 /* PlannerView.swift */; };
		87A9D44724B9DCB500086541 /* ReminderDetail.swift in Sources */ = {isa = PBXBuildFile; fileRef = 87A9D44624B9DCB400086541 /* ReminderDetail.swift */; };
		87A9D44A24B9E49600086541 /* EventKit+SwiftUI.swift in Sources */ = {isa = PBXBuildFile; fileRef = 87A9D44924B9E49600086541 /* EventKit+SwiftUI.swift */; };
		87C6809924B9EC380064F436 /* SettingsView.swift in Sources */ = {isa = PBXBuildFile; fileRef = 87C6809824B9EC380064F436 /* SettingsView.swift */; };
		87C6809D24B9F3A10064F436 /* SwiftUI+Polyfill.swift in Sources */ = {isa = PBXBuildFile; fileRef = 87C6809C24B9F3A10064F436 /* SwiftUI+Polyfill.swift */; };
		87C6809F24B9F4530064F436 /* SwiftUI+Components.swift in Sources */ = {isa = PBXBuildFile; fileRef = 87C6809E24B9F4530064F436 /* SwiftUI+Components.swift */; };
/* End PBXBuildFile section */

/* Begin PBXFileReference section */
		87371CA124B9BBB8005EA9F7 /* MarkdownTodo.app */ = {isa = PBXFileReference; explicitFileType = wrapper.application; includeInIndex = 0; path = MarkdownTodo.app; sourceTree = BUILT_PRODUCTS_DIR; };
		87371CA424B9BBB8005EA9F7 /* AppDelegate.swift */ = {isa = PBXFileReference; lastKnownFileType = sourcecode.swift; path = AppDelegate.swift; sourceTree = "<group>"; };
		87371CA624B9BBB8005EA9F7 /* SceneDelegate.swift */ = {isa = PBXFileReference; lastKnownFileType = sourcecode.swift; path = SceneDelegate.swift; sourceTree = "<group>"; };
		87371CA824B9BBB8005EA9F7 /* ContentView.swift */ = {isa = PBXFileReference; lastKnownFileType = sourcecode.swift; path = ContentView.swift; sourceTree = "<group>"; };
		87371CAA24B9BBB8005EA9F7 /* Assets.xcassets */ = {isa = PBXFileReference; lastKnownFileType = folder.assetcatalog; path = Assets.xcassets; sourceTree = "<group>"; };
		87371CAD24B9BBB8005EA9F7 /* Preview Assets.xcassets */ = {isa = PBXFileReference; lastKnownFileType = folder.assetcatalog; path = "Preview Assets.xcassets"; sourceTree = "<group>"; };
		87371CB024B9BBB8005EA9F7 /* Base */ = {isa = PBXFileReference; lastKnownFileType = file.storyboard; name = Base; path = Base.lproj/LaunchScreen.storyboard; sourceTree = "<group>"; };
		87371CB224B9BBB8005EA9F7 /* Info.plist */ = {isa = PBXFileReference; lastKnownFileType = text.plist.xml; path = Info.plist; sourceTree = "<group>"; };
		87371CB824B9C042005EA9F7 /* CalendarListView.swift */ = {isa = PBXFileReference; lastKnownFileType = sourcecode.swift; path = CalendarListView.swift; sourceTree = "<group>"; };
		87371CBB24B9C0BC005EA9F7 /* EventStore.swift */ = {isa = PBXFileReference; lastKnownFileType = sourcecode.swift; path = EventStore.swift; sourceTree = "<group>"; };
		87371CBE24B9C9CA005EA9F7 /* CalendarDetailView.swift */ = {isa = PBXFileReference; lastKnownFileType = sourcecode.swift; path = CalendarDetailView.swift; sourceTree = "<group>"; };
		87A9D44224B9D67600086541 /* ReminderRow.swift */ = {isa = PBXFileReference; lastKnownFileType = sourcecode.swift; path = ReminderRow.swift; sourceTree = "<group>"; };
		87A9D44424B9DA8800086541 /* PlannerView.swift */ = {isa = PBXFileReference; lastKnownFileType = sourcecode.swift; path = PlannerView.swift; sourceTree = "<group>"; };
		87A9D44624B9DCB400086541 /* ReminderDetail.swift */ = {isa = PBXFileReference; lastKnownFileType = sourcecode.swift; path = ReminderDetail.swift; sourceTree = "<group>"; };
		87A9D44924B9E49600086541 /* EventKit+SwiftUI.swift */ = {isa = PBXFileReference; lastKnownFileType = sourcecode.swift; path = "EventKit+SwiftUI.swift"; sourceTree = "<group>"; };
		87C6809824B9EC380064F436 /* SettingsView.swift */ = {isa = PBXFileReference; lastKnownFileType = sourcecode.swift; path = SettingsView.swift; sourceTree = "<group>"; };
		87C6809C24B9F3A10064F436 /* SwiftUI+Polyfill.swift */ = {isa = PBXFileReference; lastKnownFileType = sourcecode.swift; path = "SwiftUI+Polyfill.swift"; sourceTree = "<group>"; };
		87C6809E24B9F4530064F436 /* SwiftUI+Components.swift */ = {isa = PBXFileReference; lastKnownFileType = sourcecode.swift; path = "SwiftUI+Components.swift"; sourceTree = "<group>"; };
/* End PBXFileReference section */

/* Begin PBXFrameworksBuildPhase section */
		87371C9E24B9BBB8005EA9F7 /* Frameworks */ = {
			isa = PBXFrameworksBuildPhase;
			buildActionMask = 2147483647;
			files = (
			);
			runOnlyForDeploymentPostprocessing = 0;
		};
/* End PBXFrameworksBuildPhase section */

/* Begin PBXGroup section */
		87371C9824B9BBB8005EA9F7 = {
			isa = PBXGroup;
			children = (
				87371CA324B9BBB8005EA9F7 /* MarkdownTodo */,
				87371CA224B9BBB8005EA9F7 /* Products */,
			);
			sourceTree = "<group>";
		};
		87371CA224B9BBB8005EA9F7 /* Products */ = {
			isa = PBXGroup;
			children = (
				87371CA124B9BBB8005EA9F7 /* MarkdownTodo.app */,
			);
			name = Products;
			sourceTree = "<group>";
		};
		87371CA324B9BBB8005EA9F7 /* MarkdownTodo */ = {
			isa = PBXGroup;
			children = (
				87A9D44824B9E48000086541 /* Extensions */,
				87371CBA24B9C0AD005EA9F7 /* Model */,
				87371CAC24B9BBB8005EA9F7 /* Preview Content */,
				87371CBD24B9C9B8005EA9F7 /* Views */,
				87371CA424B9BBB8005EA9F7 /* AppDelegate.swift */,
				87371CAA24B9BBB8005EA9F7 /* Assets.xcassets */,
				87371CA824B9BBB8005EA9F7 /* ContentView.swift */,
				87371CB224B9BBB8005EA9F7 /* Info.plist */,
				87371CAF24B9BBB8005EA9F7 /* LaunchScreen.storyboard */,
				87371CA624B9BBB8005EA9F7 /* SceneDelegate.swift */,
			);
			path = MarkdownTodo;
			sourceTree = "<group>";
		};
		87371CAC24B9BBB8005EA9F7 /* Preview Content */ = {
			isa = PBXGroup;
			children = (
				87371CAD24B9BBB8005EA9F7 /* Preview Assets.xcassets */,
			);
			path = "Preview Content";
			sourceTree = "<group>";
		};
		87371CBA24B9C0AD005EA9F7 /* Model */ = {
			isa = PBXGroup;
			children = (
				87371CBB24B9C0BC005EA9F7 /* EventStore.swift */,
			);
			path = Model;
			sourceTree = "<group>";
		};
		87371CBD24B9C9B8005EA9F7 /* Views */ = {
			isa = PBXGroup;
			children = (
				87371CBE24B9C9CA005EA9F7 /* CalendarDetailView.swift */,
				87371CB824B9C042005EA9F7 /* CalendarListView.swift */,
				87A9D44424B9DA8800086541 /* PlannerView.swift */,
				87A9D44624B9DCB400086541 /* ReminderDetail.swift */,
				87A9D44224B9D67600086541 /* ReminderRow.swift */,
				87C6809824B9EC380064F436 /* SettingsView.swift */,
			);
			path = Views;
			sourceTree = "<group>";
		};
		87A9D44824B9E48000086541 /* Extensions */ = {
			isa = PBXGroup;
			children = (
				87A9D44924B9E49600086541 /* EventKit+SwiftUI.swift */,
				87C6809E24B9F4530064F436 /* SwiftUI+Components.swift */,
				87C6809C24B9F3A10064F436 /* SwiftUI+Polyfill.swift */,
			);
			path = Extensions;
			sourceTree = "<group>";
		};
/* End PBXGroup section */

/* Begin PBXNativeTarget section */
		87371CA024B9BBB8005EA9F7 /* MarkdownTodo */ = {
			isa = PBXNativeTarget;
			buildConfigurationList = 87371CB524B9BBB8005EA9F7 /* Build configuration list for PBXNativeTarget "MarkdownTodo" */;
			buildPhases = (
				87371C9D24B9BBB8005EA9F7 /* Sources */,
				87371C9E24B9BBB8005EA9F7 /* Frameworks */,
				87371C9F24B9BBB8005EA9F7 /* Resources */,
			);
			buildRules = (
			);
			dependencies = (
			);
			name = MarkdownTodo;
			productName = MarkdownTodo;
			productReference = 87371CA124B9BBB8005EA9F7 /* MarkdownTodo.app */;
			productType = "com.apple.product-type.application";
		};
/* End PBXNativeTarget section */

/* Begin PBXProject section */
		87371C9924B9BBB8005EA9F7 /* Project object */ = {
			isa = PBXProject;
			attributes = {
				LastSwiftUpdateCheck = 1150;
				LastUpgradeCheck = 1150;
				ORGANIZATIONNAME = "Paul Traylor";
				TargetAttributes = {
					87371CA024B9BBB8005EA9F7 = {
						CreatedOnToolsVersion = 11.5;
					};
				};
			};
			buildConfigurationList = 87371C9C24B9BBB8005EA9F7 /* Build configuration list for PBXProject "MarkdownTodo" */;
			compatibilityVersion = "Xcode 9.3";
			developmentRegion = en;
			hasScannedForEncodings = 0;
			knownRegions = (
				en,
				Base,
			);
			mainGroup = 87371C9824B9BBB8005EA9F7;
			productRefGroup = 87371CA224B9BBB8005EA9F7 /* Products */;
			projectDirPath = "";
			projectRoot = "";
			targets = (
				87371CA024B9BBB8005EA9F7 /* MarkdownTodo */,
			);
		};
/* End PBXProject section */

/* Begin PBXResourcesBuildPhase section */
		87371C9F24B9BBB8005EA9F7 /* Resources */ = {
			isa = PBXResourcesBuildPhase;
			buildActionMask = 2147483647;
			files = (
				87371CB124B9BBB8005EA9F7 /* LaunchScreen.storyboard in Resources */,
				87371CAE24B9BBB8005EA9F7 /* Preview Assets.xcassets in Resources */,
				87371CAB24B9BBB8005EA9F7 /* Assets.xcassets in Resources */,
			);
			runOnlyForDeploymentPostprocessing = 0;
		};
/* End PBXResourcesBuildPhase section */

/* Begin PBXSourcesBuildPhase section */
		87371C9D24B9BBB8005EA9F7 /* Sources */ = {
			isa = PBXSourcesBuildPhase;
			buildActionMask = 2147483647;
			files = (
				87371CBC24B9C0BC005EA9F7 /* EventStore.swift in Sources */,
				87371CB924B9C042005EA9F7 /* CalendarListView.swift in Sources */,
				87A9D44324B9D67600086541 /* ReminderRow.swift in Sources */,
				87A9D44A24B9E49600086541 /* EventKit+SwiftUI.swift in Sources */,
				87371CBF24B9C9CA005EA9F7 /* CalendarDetailView.swift in Sources */,
				87371CA524B9BBB8005EA9F7 /* AppDelegate.swift in Sources */,
				87371CA724B9BBB8005EA9F7 /* SceneDelegate.swift in Sources */,
				87A9D44724B9DCB500086541 /* ReminderDetail.swift in Sources */,
				87C6809F24B9F4530064F436 /* SwiftUI+Components.swift in Sources */,
				87371CA924B9BBB8005EA9F7 /* ContentView.swift in Sources */,
				87A9D44524B9DA8800086541 /* PlannerView.swift in Sources */,
				87C6809D24B9F3A10064F436 /* SwiftUI+Polyfill.swift in Sources */,
				87C6809924B9EC380064F436 /* SettingsView.swift in Sources */,
			);
			runOnlyForDeploymentPostprocessing = 0;
		};
/* End PBXSourcesBuildPhase section */

/* Begin PBXVariantGroup section */
		87371CAF24B9BBB8005EA9F7 /* LaunchScreen.storyboard */ = {
			isa = PBXVariantGroup;
			children = (
				87371CB024B9BBB8005EA9F7 /* Base */,
			);
			name = LaunchScreen.storyboard;
			path = .;
			sourceTree = "<group>";
		};
/* End PBXVariantGroup section */

/* Begin XCBuildConfiguration section */
		87371CB324B9BBB8005EA9F7 /* Debug */ = {
			isa = XCBuildConfiguration;
			buildSettings = {
				ALWAYS_SEARCH_USER_PATHS = NO;
				CLANG_ANALYZER_NONNULL = YES;
				CLANG_ANALYZER_NUMBER_OBJECT_CONVERSION = YES_AGGRESSIVE;
				CLANG_CXX_LANGUAGE_STANDARD = "gnu++14";
				CLANG_CXX_LIBRARY = "libc++";
				CLANG_ENABLE_MODULES = YES;
				CLANG_ENABLE_OBJC_ARC = YES;
				CLANG_ENABLE_OBJC_WEAK = YES;
				CLANG_WARN_BLOCK_CAPTURE_AUTORELEASING = YES;
				CLANG_WARN_BOOL_CONVERSION = YES;
				CLANG_WARN_COMMA = YES;
				CLANG_WARN_CONSTANT_CONVERSION = YES;
				CLANG_WARN_DEPRECATED_OBJC_IMPLEMENTATIONS = YES;
				CLANG_WARN_DIRECT_OBJC_ISA_USAGE = YES_ERROR;
				CLANG_WARN_DOCUMENTATION_COMMENTS = YES;
				CLANG_WARN_EMPTY_BODY = YES;
				CLANG_WARN_ENUM_CONVERSION = YES;
				CLANG_WARN_INFINITE_RECURSION = YES;
				CLANG_WARN_INT_CONVERSION = YES;
				CLANG_WARN_NON_LITERAL_NULL_CONVERSION = YES;
				CLANG_WARN_OBJC_IMPLICIT_RETAIN_SELF = YES;
				CLANG_WARN_OBJC_LITERAL_CONVERSION = YES;
				CLANG_WARN_OBJC_ROOT_CLASS = YES_ERROR;
				CLANG_WARN_RANGE_LOOP_ANALYSIS = YES;
				CLANG_WARN_STRICT_PROTOTYPES = YES;
				CLANG_WARN_SUSPICIOUS_MOVE = YES;
				CLANG_WARN_UNGUARDED_AVAILABILITY = YES_AGGRESSIVE;
				CLANG_WARN_UNREACHABLE_CODE = YES;
				CLANG_WARN__DUPLICATE_METHOD_MATCH = YES;
				COPY_PHASE_STRIP = NO;
				DEBUG_INFORMATION_FORMAT = dwarf;
				ENABLE_STRICT_OBJC_MSGSEND = YES;
				ENABLE_TESTABILITY = YES;
				GCC_C_LANGUAGE_STANDARD = gnu11;
				GCC_DYNAMIC_NO_PIC = NO;
				GCC_NO_COMMON_BLOCKS = YES;
				GCC_OPTIMIZATION_LEVEL = 0;
				GCC_PREPROCESSOR_DEFINITIONS = (
					"DEBUG=1",
					"$(inherited)",
				);
				GCC_WARN_64_TO_32_BIT_CONVERSION = YES;
				GCC_WARN_ABOUT_RETURN_TYPE = YES_ERROR;
				GCC_WARN_UNDECLARED_SELECTOR = YES;
				GCC_WARN_UNINITIALIZED_AUTOS = YES_AGGRESSIVE;
				GCC_WARN_UNUSED_FUNCTION = YES;
				GCC_WARN_UNUSED_VARIABLE = YES;
				IPHONEOS_DEPLOYMENT_TARGET = 13.5;
				MTL_ENABLE_DEBUG_INFO = INCLUDE_SOURCE;
				MTL_FAST_MATH = YES;
				ONLY_ACTIVE_ARCH = YES;
				SDKROOT = iphoneos;
				SWIFT_ACTIVE_COMPILATION_CONDITIONS = DEBUG;
				SWIFT_OPTIMIZATION_LEVEL = "-Onone";
			};
			name = Debug;
		};
		87371CB424B9BBB8005EA9F7 /* Release */ = {
			isa = XCBuildConfiguration;
			buildSettings = {
				ALWAYS_SEARCH_USER_PATHS = NO;
				CLANG_ANALYZER_NONNULL = YES;
				CLANG_ANALYZER_NUMBER_OBJECT_CONVERSION = YES_AGGRESSIVE;
				CLANG_CXX_LANGUAGE_STANDARD = "gnu++14";
				CLANG_CXX_LIBRARY = "libc++";
				CLANG_ENABLE_MODULES = YES;
				CLANG_ENABLE_OBJC_ARC = YES;
				CLANG_ENABLE_OBJC_WEAK = YES;
				CLANG_WARN_BLOCK_CAPTURE_AUTORELEASING = YES;
				CLANG_WARN_BOOL_CONVERSION = YES;
				CLANG_WARN_COMMA = YES;
				CLANG_WARN_CONSTANT_CONVERSION = YES;
				CLANG_WARN_DEPRECATED_OBJC_IMPLEMENTATIONS = YES;
				CLANG_WARN_DIRECT_OBJC_ISA_USAGE = YES_ERROR;
				CLANG_WARN_DOCUMENTATION_COMMENTS = YES;
				CLANG_WARN_EMPTY_BODY = YES;
				CLANG_WARN_ENUM_CONVERSION = YES;
				CLANG_WARN_INFINITE_RECURSION = YES;
				CLANG_WARN_INT_CONVERSION = YES;
				CLANG_WARN_NON_LITERAL_NULL_CONVERSION = YES;
				CLANG_WARN_OBJC_IMPLICIT_RETAIN_SELF = YES;
				CLANG_WARN_OBJC_LITERAL_CONVERSION = YES;
				CLANG_WARN_OBJC_ROOT_CLASS = YES_ERROR;
				CLANG_WARN_RANGE_LOOP_ANALYSIS = YES;
				CLANG_WARN_STRICT_PROTOTYPES = YES;
				CLANG_WARN_SUSPICIOUS_MOVE = YES;
				CLANG_WARN_UNGUARDED_AVAILABILITY = YES_AGGRESSIVE;
				CLANG_WARN_UNREACHABLE_CODE = YES;
				CLANG_WARN__DUPLICATE_METHOD_MATCH = YES;
				COPY_PHASE_STRIP = NO;
				DEBUG_INFORMATION_FORMAT = "dwarf-with-dsym";
				ENABLE_NS_ASSERTIONS = NO;
				ENABLE_STRICT_OBJC_MSGSEND = YES;
				GCC_C_LANGUAGE_STANDARD = gnu11;
				GCC_NO_COMMON_BLOCKS = YES;
				GCC_WARN_64_TO_32_BIT_CONVERSION = YES;
				GCC_WARN_ABOUT_RETURN_TYPE = YES_ERROR;
				GCC_WARN_UNDECLARED_SELECTOR = YES;
				GCC_WARN_UNINITIALIZED_AUTOS = YES_AGGRESSIVE;
				GCC_WARN_UNUSED_FUNCTION = YES;
				GCC_WARN_UNUSED_VARIABLE = YES;
				IPHONEOS_DEPLOYMENT_TARGET = 13.5;
				MTL_ENABLE_DEBUG_INFO = NO;
				MTL_FAST_MATH = YES;
				SDKROOT = iphoneos;
				SWIFT_COMPILATION_MODE = wholemodule;
				SWIFT_OPTIMIZATION_LEVEL = "-O";
				VALIDATE_PRODUCT = YES;
			};
			name = Release;
		};
		87371CB624B9BBB8005EA9F7 /* Debug */ = {
			isa = XCBuildConfiguration;
			buildSettings = {
				ASSETCATALOG_COMPILER_APPICON_NAME = AppIcon;
				CODE_SIGN_STYLE = Automatic;
				DEVELOPMENT_ASSET_PATHS = "\"MarkdownTodo/Preview Content\"";
				DEVELOPMENT_TEAM = QX3B8ZS54S;
				ENABLE_PREVIEWS = YES;
				INFOPLIST_FILE = MarkdownTodo/Info.plist;
				LD_RUNPATH_SEARCH_PATHS = (
					"$(inherited)",
					"@executable_path/Frameworks",
				);
				PRODUCT_BUNDLE_IDENTIFIER = net.kungfudiscomonkey.MarkdownTodo;
				PRODUCT_NAME = "$(TARGET_NAME)";
				SWIFT_VERSION = 5.0;
				TARGETED_DEVICE_FAMILY = "1,2";
			};
			name = Debug;
		};
		87371CB724B9BBB8005EA9F7 /* Release */ = {
			isa = XCBuildConfiguration;
			buildSettings = {
				ASSETCATALOG_COMPILER_APPICON_NAME = AppIcon;
				CODE_SIGN_STYLE = Automatic;
				DEVELOPMENT_ASSET_PATHS = "\"MarkdownTodo/Preview Content\"";
				DEVELOPMENT_TEAM = QX3B8ZS54S;
				ENABLE_PREVIEWS = YES;
				INFOPLIST_FILE = MarkdownTodo/Info.plist;
				LD_RUNPATH_SEARCH_PATHS = (
					"$(inherited)",
					"@executable_path/Frameworks",
				);
				PRODUCT_BUNDLE_IDENTIFIER = net.kungfudiscomonkey.MarkdownTodo;
				PRODUCT_NAME = "$(TARGET_NAME)";
				SWIFT_VERSION = 5.0;
				TARGETED_DEVICE_FAMILY = "1,2";
			};
			name = Release;
		};
/* End XCBuildConfiguration section */

/* Begin XCConfigurationList section */
		87371C9C24B9BBB8005EA9F7 /* Build configuration list for PBXProject "MarkdownTodo" */ = {
			isa = XCConfigurationList;
			buildConfigurations = (
				87371CB324B9BBB8005EA9F7 /* Debug */,
				87371CB424B9BBB8005EA9F7 /* Release */,
			);
			defaultConfigurationIsVisible = 0;
			defaultConfigurationName = Release;
		};
		87371CB524B9BBB8005EA9F7 /* Build configuration list for PBXNativeTarget "MarkdownTodo" */ = {
			isa = XCConfigurationList;
			buildConfigurations = (
				87371CB624B9BBB8005EA9F7 /* Debug */,
				87371CB724B9BBB8005EA9F7 /* Release */,
			);
			defaultConfigurationIsVisible = 0;
			defaultConfigurationName = Release;
		};
/* End XCConfigurationList section */
	};
	rootObject = 87371C9924B9BBB8005EA9F7 /* Project object */;
}
